<Solution>
  <Folder Name="/Solution Items/">
    <File Path=".editorconfig" />
    <File Path=".gitignore" />
    <File Path="AGENTS.md" />
    <File Path="curriculum.json" />
    <File Path="CURRICULUM.md" />
    <File Path="Directory.Build.props" />
    <File Path="Directory.Packages.props" />
    <File Path="global.json" />
    <File Path="progress.json" />
    <File Path="README.md" />
  </Folder>
  <Folder Name="/src/">
    <Project Path="src/Examples/Examples.csproj" />
    <Project Path="src/Exercises/Exercises.csproj" />
  </Folder>
  <Folder Name="/tests/">
    <Project Path="tests/Challenges.Tests/Challenges.Tests.csproj" />
  </Folder>
</Solution>
